// !$*UTF8*$!
{
	archiveVersion = 1;
	classes = {
	};
	objectVersion = 50;
	objects = {

/* Begin PBXBuildFile section */
		047248972540449B00EA14B8 /* SearchMoviePresenter.swift in Sources */ = {isa = PBXBuildFile; fileRef = 047248912540449B00EA14B8 /* SearchMoviePresenter.swift */; };
		047248982540449B00EA14B8 /* SearchMovieRouter.swift in Sources */ = {isa = PBXBuildFile; fileRef = 047248922540449B00EA14B8 /* SearchMovieRouter.swift */; };
		047248992540449B00EA14B8 /* MovieModel.swift in Sources */ = {isa = PBXBuildFile; fileRef = 047248932540449B00EA14B8 /* MovieModel.swift */; };
		0472489A2540449B00EA14B8 /* SearchMovieViewController.swift in Sources */ = {isa = PBXBuildFile; fileRef = 047248942540449B00EA14B8 /* SearchMovieViewController.swift */; };
		0472489B2540449B00EA14B8 /* SearchMovieInteractor.swift in Sources */ = {isa = PBXBuildFile; fileRef = 047248952540449B00EA14B8 /* SearchMovieInteractor.swift */; };
		0472489C2540449B00EA14B8 /* SearchMovieConfigurator.swift in Sources */ = {isa = PBXBuildFile; fileRef = 047248962540449B00EA14B8 /* SearchMovieConfigurator.swift */; };
		047248A825404C8A00EA14B8 /* MovieListPresenter.swift in Sources */ = {isa = PBXBuildFile; fileRef = 047248A225404C8A00EA14B8 /* MovieListPresenter.swift */; };
		047248A925404C8A00EA14B8 /* MovieListRouter.swift in Sources */ = {isa = PBXBuildFile; fileRef = 047248A325404C8A00EA14B8 /* MovieListRouter.swift */; };
		047248AB25404C8A00EA14B8 /* MovieListViewController.swift in Sources */ = {isa = PBXBuildFile; fileRef = 047248A525404C8A00EA14B8 /* MovieListViewController.swift */; };
		047248AC25404C8A00EA14B8 /* MovieListInteractor.swift in Sources */ = {isa = PBXBuildFile; fileRef = 047248A625404C8A00EA14B8 /* MovieListInteractor.swift */; };
		047248AD25404C8A00EA14B8 /* MovieListConfigurator.swift in Sources */ = {isa = PBXBuildFile; fileRef = 047248A725404C8A00EA14B8 /* MovieListConfigurator.swift */; };
		047248B425404D4C00EA14B8 /* MovieDetailsPresenter.swift in Sources */ = {isa = PBXBuildFile; fileRef = 047248AE25404D4C00EA14B8 /* MovieDetailsPresenter.swift */; };
		047248B525404D4C00EA14B8 /* MovieDetailsRouter.swift in Sources */ = {isa = PBXBuildFile; fileRef = 047248AF25404D4C00EA14B8 /* MovieDetailsRouter.swift */; };
		047248B625404D4C00EA14B8 /* MovieDetailsModels.swift in Sources */ = {isa = PBXBuildFile; fileRef = 047248B025404D4C00EA14B8 /* MovieDetailsModels.swift */; };
		047248B725404D4C00EA14B8 /* MovieDetailsViewController.swift in Sources */ = {isa = PBXBuildFile; fileRef = 047248B125404D4C00EA14B8 /* MovieDetailsViewController.swift */; };
		047248B825404D4C00EA14B8 /* MovieDetailsInteractor.swift in Sources */ = {isa = PBXBuildFile; fileRef = 047248B225404D4C00EA14B8 /* MovieDetailsInteractor.swift */; };
		047248B925404D4C00EA14B8 /* MovieDetailsConfigurator.swift in Sources */ = {isa = PBXBuildFile; fileRef = 047248B325404D4C00EA14B8 /* MovieDetailsConfigurator.swift */; };
		047248BD254073D600EA14B8 /* SearchMovieWorker.swift in Sources */ = {isa = PBXBuildFile; fileRef = 047248BC254073D600EA14B8 /* SearchMovieWorker.swift */; };
		047248BF2540752600EA14B8 /* MovieListModels.swift in Sources */ = {isa = PBXBuildFile; fileRef = 047248BE2540752600EA14B8 /* MovieListModels.swift */; };
		0490EAD42541720700096889 /* SearchHistory.swift in Sources */ = {isa = PBXBuildFile; fileRef = 0490EAD32541720700096889 /* SearchHistory.swift */; };
		0490EAD725417A4800096889 /* SearchTableViewCell.swift in Sources */ = {isa = PBXBuildFile; fileRef = 0490EAD525417A4800096889 /* SearchTableViewCell.swift */; };
		0490EAD825417A4800096889 /* SearchTableViewCell.xib in Resources */ = {isa = PBXBuildFile; fileRef = 0490EAD625417A4800096889 /* SearchTableViewCell.xib */; };
		04DBFB60253C405E000D8DA0 /* AppDelegate.swift in Sources */ = {isa = PBXBuildFile; fileRef = 04DBFB5F253C405E000D8DA0 /* AppDelegate.swift */; };
		04DBFB62253C405E000D8DA0 /* SceneDelegate.swift in Sources */ = {isa = PBXBuildFile; fileRef = 04DBFB61253C405E000D8DA0 /* SceneDelegate.swift */; };
		04DBFB67253C405F000D8DA0 /* Main.storyboard in Resources */ = {isa = PBXBuildFile; fileRef = 04DBFB65253C405F000D8DA0 /* Main.storyboard */; };
		04DBFB69253C4067000D8DA0 /* Assets.xcassets in Resources */ = {isa = PBXBuildFile; fileRef = 04DBFB68253C4067000D8DA0 /* Assets.xcassets */; };
		04DBFB6C253C4067000D8DA0 /* LaunchScreen.storyboard in Resources */ = {isa = PBXBuildFile; fileRef = 04DBFB6A253C4067000D8DA0 /* LaunchScreen.storyboard */; };
		04DBFB90253C62E3000D8DA0 /* MovieCell.swift in Sources */ = {isa = PBXBuildFile; fileRef = 04DBFB8F253C62E3000D8DA0 /* MovieCell.swift */; };
/* End PBXBuildFile section */

/* Begin PBXFileReference section */
		047248912540449B00EA14B8 /* SearchMoviePresenter.swift */ = {isa = PBXFileReference; lastKnownFileType = sourcecode.swift; path = SearchMoviePresenter.swift; sourceTree = "<group>"; };
		047248922540449B00EA14B8 /* SearchMovieRouter.swift */ = {isa = PBXFileReference; lastKnownFileType = sourcecode.swift; path = SearchMovieRouter.swift; sourceTree = "<group>"; };
		047248932540449B00EA14B8 /* MovieModel.swift */ = {isa = PBXFileReference; lastKnownFileType = sourcecode.swift; path = MovieModel.swift; sourceTree = "<group>"; };
		047248942540449B00EA14B8 /* SearchMovieViewController.swift */ = {isa = PBXFileReference; lastKnownFileType = sourcecode.swift; path = SearchMovieViewController.swift; sourceTree = "<group>"; };
		047248952540449B00EA14B8 /* SearchMovieInteractor.swift */ = {isa = PBXFileReference; lastKnownFileType = sourcecode.swift; path = SearchMovieInteractor.swift; sourceTree = "<group>"; };
		047248962540449B00EA14B8 /* SearchMovieConfigurator.swift */ = {isa = PBXFileReference; lastKnownFileType = sourcecode.swift; path = SearchMovieConfigurator.swift; sourceTree = "<group>"; };
		047248A225404C8A00EA14B8 /* MovieListPresenter.swift */ = {isa = PBXFileReference; lastKnownFileType = sourcecode.swift; path = MovieListPresenter.swift; sourceTree = "<group>"; };
		047248A325404C8A00EA14B8 /* MovieListRouter.swift */ = {isa = PBXFileReference; lastKnownFileType = sourcecode.swift; path = MovieListRouter.swift; sourceTree = "<group>"; };
		047248A525404C8A00EA14B8 /* MovieListViewController.swift */ = {isa = PBXFileReference; lastKnownFileType = sourcecode.swift; path = MovieListViewController.swift; sourceTree = "<group>"; };
		047248A625404C8A00EA14B8 /* MovieListInteractor.swift */ = {isa = PBXFileReference; lastKnownFileType = sourcecode.swift; path = MovieListInteractor.swift; sourceTree = "<group>"; };
		047248A725404C8A00EA14B8 /* MovieListConfigurator.swift */ = {isa = PBXFileReference; lastKnownFileType = sourcecode.swift; path = MovieListConfigurator.swift; sourceTree = "<group>"; };
		047248AE25404D4C00EA14B8 /* MovieDetailsPresenter.swift */ = {isa = PBXFileReference; lastKnownFileType = sourcecode.swift; path = MovieDetailsPresenter.swift; sourceTree = "<group>"; };
		047248AF25404D4C00EA14B8 /* MovieDetailsRouter.swift */ = {isa = PBXFileReference; lastKnownFileType = sourcecode.swift; path = MovieDetailsRouter.swift; sourceTree = "<group>"; };
		047248B025404D4C00EA14B8 /* MovieDetailsModels.swift */ = {isa = PBXFileReference; lastKnownFileType = sourcecode.swift; path = MovieDetailsModels.swift; sourceTree = "<group>"; };
		047248B125404D4C00EA14B8 /* MovieDetailsViewController.swift */ = {isa = PBXFileReference; lastKnownFileType = sourcecode.swift; path = MovieDetailsViewController.swift; sourceTree = "<group>"; };
		047248B225404D4C00EA14B8 /* MovieDetailsInteractor.swift */ = {isa = PBXFileReference; lastKnownFileType = sourcecode.swift; path = MovieDetailsInteractor.swift; sourceTree = "<group>"; };
		047248B325404D4C00EA14B8 /* MovieDetailsConfigurator.swift */ = {isa = PBXFileReference; lastKnownFileType = sourcecode.swift; path = MovieDetailsConfigurator.swift; sourceTree = "<group>"; };
		047248BC254073D600EA14B8 /* SearchMovieWorker.swift */ = {isa = PBXFileReference; lastKnownFileType = sourcecode.swift; path = SearchMovieWorker.swift; sourceTree = "<group>"; };
		047248BE2540752600EA14B8 /* MovieListModels.swift */ = {isa = PBXFileReference; lastKnownFileType = sourcecode.swift; path = MovieListModels.swift; sourceTree = "<group>"; };
		0490EAD32541720700096889 /* SearchHistory.swift */ = {isa = PBXFileReference; lastKnownFileType = sourcecode.swift; path = SearchHistory.swift; sourceTree = "<group>"; };
		0490EAD525417A4800096889 /* SearchTableViewCell.swift */ = {isa = PBXFileReference; lastKnownFileType = sourcecode.swift; path = SearchTableViewCell.swift; sourceTree = "<group>"; };
		0490EAD625417A4800096889 /* SearchTableViewCell.xib */ = {isa = PBXFileReference; lastKnownFileType = file.xib; path = SearchTableViewCell.xib; sourceTree = "<group>"; };
		04DBFB5C253C405E000D8DA0 /* Movie Finder.app */ = {isa = PBXFileReference; explicitFileType = wrapper.application; includeInIndex = 0; path = "Movie Finder.app"; sourceTree = BUILT_PRODUCTS_DIR; };
		04DBFB5F253C405E000D8DA0 /* AppDelegate.swift */ = {isa = PBXFileReference; lastKnownFileType = sourcecode.swift; path = AppDelegate.swift; sourceTree = "<group>"; };
		04DBFB61253C405E000D8DA0 /* SceneDelegate.swift */ = {isa = PBXFileReference; lastKnownFileType = sourcecode.swift; path = SceneDelegate.swift; sourceTree = "<group>"; };
		04DBFB66253C405F000D8DA0 /* Base */ = {isa = PBXFileReference; lastKnownFileType = file.storyboard; name = Base; path = Base.lproj/Main.storyboard; sourceTree = "<group>"; };
		04DBFB68253C4067000D8DA0 /* Assets.xcassets */ = {isa = PBXFileReference; lastKnownFileType = folder.assetcatalog; path = Assets.xcassets; sourceTree = "<group>"; };
		04DBFB6B253C4067000D8DA0 /* Base */ = {isa = PBXFileReference; lastKnownFileType = file.storyboard; name = Base; path = Base.lproj/LaunchScreen.storyboard; sourceTree = "<group>"; };
		04DBFB6D253C4067000D8DA0 /* Info.plist */ = {isa = PBXFileReference; lastKnownFileType = text.plist.xml; path = Info.plist; sourceTree = "<group>"; };
		04DBFB8F253C62E3000D8DA0 /* MovieCell.swift */ = {isa = PBXFileReference; lastKnownFileType = sourcecode.swift; path = MovieCell.swift; sourceTree = "<group>"; };
/* End PBXFileReference section */

/* Begin PBXFrameworksBuildPhase section */
		04DBFB59253C405E000D8DA0 /* Frameworks */ = {
			isa = PBXFrameworksBuildPhase;
			buildActionMask = 2147483647;
			files = (
			);
			runOnlyForDeploymentPostprocessing = 0;
		};
/* End PBXFrameworksBuildPhase section */

/* Begin PBXGroup section */
		0472489D254044AC00EA14B8 /* SearchMovie */ = {
			isa = PBXGroup;
			children = (
				047248912540449B00EA14B8 /* SearchMoviePresenter.swift */,
				047248922540449B00EA14B8 /* SearchMovieRouter.swift */,
				047248932540449B00EA14B8 /* MovieModel.swift */,
				047248942540449B00EA14B8 /* SearchMovieViewController.swift */,
				047248952540449B00EA14B8 /* SearchMovieInteractor.swift */,
				047248962540449B00EA14B8 /* SearchMovieConfigurator.swift */,
				047248BC254073D600EA14B8 /* SearchMovieWorker.swift */,
				0490EAD32541720700096889 /* SearchHistory.swift */,
				0490EAD525417A4800096889 /* SearchTableViewCell.swift */,
				0490EAD625417A4800096889 /* SearchTableViewCell.xib */,
			);
			path = SearchMovie;
			sourceTree = "<group>";
		};
		047248A02540485F00EA14B8 /* MovieList */ = {
			isa = PBXGroup;
			children = (
				047248A225404C8A00EA14B8 /* MovieListPresenter.swift */,
				047248A325404C8A00EA14B8 /* MovieListRouter.swift */,
				047248BE2540752600EA14B8 /* MovieListModels.swift */,
				047248A525404C8A00EA14B8 /* MovieListViewController.swift */,
				047248A625404C8A00EA14B8 /* MovieListInteractor.swift */,
				047248A725404C8A00EA14B8 /* MovieListConfigurator.swift */,
				04DBFB8F253C62E3000D8DA0 /* MovieCell.swift */,
			);
			path = MovieList;
			sourceTree = "<group>";
		};
		047248A12540486C00EA14B8 /* MovieDetails */ = {
			isa = PBXGroup;
			children = (
				047248AE25404D4C00EA14B8 /* MovieDetailsPresenter.swift */,
				047248AF25404D4C00EA14B8 /* MovieDetailsRouter.swift */,
				047248B025404D4C00EA14B8 /* MovieDetailsModels.swift */,
				047248B125404D4C00EA14B8 /* MovieDetailsViewController.swift */,
				047248B225404D4C00EA14B8 /* MovieDetailsInteractor.swift */,
				047248B325404D4C00EA14B8 /* MovieDetailsConfigurator.swift */,
			);
			path = MovieDetails;
			sourceTree = "<group>";
		};
		04DBFB53253C405E000D8DA0 = {
			isa = PBXGroup;
			children = (
				04DBFB5E253C405E000D8DA0 /* Movie Finder */,
				04DBFB5D253C405E000D8DA0 /* Products */,
			);
			sourceTree = "<group>";
		};
		04DBFB5D253C405E000D8DA0 /* Products */ = {
			isa = PBXGroup;
			children = (
				04DBFB5C253C405E000D8DA0 /* Movie Finder.app */,
			);
			name = Products;
			sourceTree = "<group>";
		};
		04DBFB5E253C405E000D8DA0 /* Movie Finder */ = {
			isa = PBXGroup;
			children = (
				04DBFB73253C43DB000D8DA0 /* Scenes */,
				04DBFB5F253C405E000D8DA0 /* AppDelegate.swift */,
				04DBFB61253C405E000D8DA0 /* SceneDelegate.swift */,
				04DBFB65253C405F000D8DA0 /* Main.storyboard */,
				04DBFB68253C4067000D8DA0 /* Assets.xcassets */,
				04DBFB6A253C4067000D8DA0 /* LaunchScreen.storyboard */,
				04DBFB6D253C4067000D8DA0 /* Info.plist */,
			);
			path = "Movie Finder";
			sourceTree = "<group>";
		};
		04DBFB73253C43DB000D8DA0 /* Scenes */ = {
			isa = PBXGroup;
			children = (
				0472489D254044AC00EA14B8 /* SearchMovie */,
				047248A02540485F00EA14B8 /* MovieList */,
				047248A12540486C00EA14B8 /* MovieDetails */,
			);
			path = Scenes;
			sourceTree = "<group>";
		};
/* End PBXGroup section */

/* Begin PBXNativeTarget section */
		04DBFB5B253C405E000D8DA0 /* Movie Finder */ = {
			isa = PBXNativeTarget;
			buildConfigurationList = 04DBFB70253C4067000D8DA0 /* Build configuration list for PBXNativeTarget "Movie Finder" */;
			buildPhases = (
				04DBFB58253C405E000D8DA0 /* Sources */,
				04DBFB59253C405E000D8DA0 /* Frameworks */,
				04DBFB5A253C405E000D8DA0 /* Resources */,
			);
			buildRules = (
			);
			dependencies = (
			);
			name = "Movie Finder";
			productName = "Movie Finder";
			productReference = 04DBFB5C253C405E000D8DA0 /* Movie Finder.app */;
			productType = "com.apple.product-type.application";
		};
/* End PBXNativeTarget section */

/* Begin PBXProject section */
		04DBFB54253C405E000D8DA0 /* Project object */ = {
			isa = PBXProject;
			attributes = {
				LastSwiftUpdateCheck = 1150;
				LastUpgradeCheck = 1150;
				ORGANIZATIONNAME = "Esraa Gamal";
				TargetAttributes = {
					04DBFB5B253C405E000D8DA0 = {
						CreatedOnToolsVersion = 11.5;
					};
				};
			};
			buildConfigurationList = 04DBFB57253C405E000D8DA0 /* Build configuration list for PBXProject "Movie Finder" */;
			compatibilityVersion = "Xcode 9.3";
			developmentRegion = en;
			hasScannedForEncodings = 0;
			knownRegions = (
				en,
				Base,
			);
			mainGroup = 04DBFB53253C405E000D8DA0;
			productRefGroup = 04DBFB5D253C405E000D8DA0 /* Products */;
			projectDirPath = "";
			projectRoot = "";
			targets = (
				04DBFB5B253C405E000D8DA0 /* Movie Finder */,
			);
		};
/* End PBXProject section */

/* Begin PBXResourcesBuildPhase section */
		04DBFB5A253C405E000D8DA0 /* Resources */ = {
			isa = PBXResourcesBuildPhase;
			buildActionMask = 2147483647;
			files = (
				04DBFB6C253C4067000D8DA0 /* LaunchScreen.storyboard in Resources */,
				0490EAD825417A4800096889 /* SearchTableViewCell.xib in Resources */,
				04DBFB69253C4067000D8DA0 /* Assets.xcassets in Resources */,
				04DBFB67253C405F000D8DA0 /* Main.storyboard in Resources */,
			);
			runOnlyForDeploymentPostprocessing = 0;
		};
/* End PBXResourcesBuildPhase section */

/* Begin PBXSourcesBuildPhase section */
		04DBFB58253C405E000D8DA0 /* Sources */ = {
			isa = PBXSourcesBuildPhase;
			buildActionMask = 2147483647;
			files = (
				047248BD254073D600EA14B8 /* SearchMovieWorker.swift in Sources */,
				047248B725404D4C00EA14B8 /* MovieDetailsViewController.swift in Sources */,
				047248B625404D4C00EA14B8 /* MovieDetailsModels.swift in Sources */,
				047248A825404C8A00EA14B8 /* MovieListPresenter.swift in Sources */,
				047248992540449B00EA14B8 /* MovieModel.swift in Sources */,
				04DBFB60253C405E000D8DA0 /* AppDelegate.swift in Sources */,
				047248972540449B00EA14B8 /* SearchMoviePresenter.swift in Sources */,
				04DBFB62253C405E000D8DA0 /* SceneDelegate.swift in Sources */,
				047248AC25404C8A00EA14B8 /* MovieListInteractor.swift in Sources */,
				047248982540449B00EA14B8 /* SearchMovieRouter.swift in Sources */,
				04DBFB90253C62E3000D8DA0 /* MovieCell.swift in Sources */,
				047248B525404D4C00EA14B8 /* MovieDetailsRouter.swift in Sources */,
				047248A925404C8A00EA14B8 /* MovieListRouter.swift in Sources */,
				047248AD25404C8A00EA14B8 /* MovieListConfigurator.swift in Sources */,
				047248B825404D4C00EA14B8 /* MovieDetailsInteractor.swift in Sources */,
				047248B925404D4C00EA14B8 /* MovieDetailsConfigurator.swift in Sources */,
				0472489B2540449B00EA14B8 /* SearchMovieInteractor.swift in Sources */,
				047248B425404D4C00EA14B8 /* MovieDetailsPresenter.swift in Sources */,
				047248BF2540752600EA14B8 /* MovieListModels.swift in Sources */,
				047248AB25404C8A00EA14B8 /* MovieListViewController.swift in Sources */,
				0472489C2540449B00EA14B8 /* SearchMovieConfigurator.swift in Sources */,
				0490EAD725417A4800096889 /* SearchTableViewCell.swift in Sources */,
				0490EAD42541720700096889 /* SearchHistory.swift in Sources */,
				0472489A2540449B00EA14B8 /* SearchMovieViewController.swift in Sources */,
			);
			runOnlyForDeploymentPostprocessing = 0;
		};
/* End PBXSourcesBuildPhase section */

/* Begin PBXVariantGroup section */
		04DBFB65253C405F000D8DA0 /* Main.storyboard */ = {
			isa = PBXVariantGroup;
			children = (
				04DBFB66253C405F000D8DA0 /* Base */,
			);
			name = Main.storyboard;
			sourceTree = "<group>";
		};
		04DBFB6A253C4067000D8DA0 /* LaunchScreen.storyboard */ = {
			isa = PBXVariantGroup;
			children = (
				04DBFB6B253C4067000D8DA0 /* Base */,
			);
			name = LaunchScreen.storyboard;
			sourceTree = "<group>";
		};
/* End PBXVariantGroup section */

/* Begin XCBuildConfiguration section */
		04DBFB6E253C4067000D8DA0 /* Debug */ = {
			isa = XCBuildConfiguration;
			buildSettings = {
				ALWAYS_SEARCH_USER_PATHS = NO;
				CLANG_ANALYZER_NONNULL = YES;
				CLANG_ANALYZER_NUMBER_OBJECT_CONVERSION = YES_AGGRESSIVE;
				CLANG_CXX_LANGUAGE_STANDARD = "gnu++14";
				CLANG_CXX_LIBRARY = "libc++";
				CLANG_ENABLE_MODULES = YES;
				CLANG_ENABLE_OBJC_ARC = YES;
				CLANG_ENABLE_OBJC_WEAK = YES;
				CLANG_WARN_BLOCK_CAPTURE_AUTORELEASING = YES;
				CLANG_WARN_BOOL_CONVERSION = YES;
				CLANG_WARN_COMMA = YES;
				CLANG_WARN_CONSTANT_CONVERSION = YES;
				CLANG_WARN_DEPRECATED_OBJC_IMPLEMENTATIONS = YES;
				CLANG_WARN_DIRECT_OBJC_ISA_USAGE = YES_ERROR;
				CLANG_WARN_DOCUMENTATION_COMMENTS = YES;
				CLANG_WARN_EMPTY_BODY = YES;
				CLANG_WARN_ENUM_CONVERSION = YES;
				CLANG_WARN_INFINITE_RECURSION = YES;
				CLANG_WARN_INT_CONVERSION = YES;
				CLANG_WARN_NON_LITERAL_NULL_CONVERSION = YES;
				CLANG_WARN_OBJC_IMPLICIT_RETAIN_SELF = YES;
				CLANG_WARN_OBJC_LITERAL_CONVERSION = YES;
				CLANG_WARN_OBJC_ROOT_CLASS = YES_ERROR;
				CLANG_WARN_RANGE_LOOP_ANALYSIS = YES;
				CLANG_WARN_STRICT_PROTOTYPES = YES;
				CLANG_WARN_SUSPICIOUS_MOVE = YES;
				CLANG_WARN_UNGUARDED_AVAILABILITY = YES_AGGRESSIVE;
				CLANG_WARN_UNREACHABLE_CODE = YES;
				CLANG_WARN__DUPLICATE_METHOD_MATCH = YES;
				COPY_PHASE_STRIP = NO;
				DEBUG_INFORMATION_FORMAT = dwarf;
				ENABLE_STRICT_OBJC_MSGSEND = YES;
				ENABLE_TESTABILITY = YES;
				GCC_C_LANGUAGE_STANDARD = gnu11;
				GCC_DYNAMIC_NO_PIC = NO;
				GCC_NO_COMMON_BLOCKS = YES;
				GCC_OPTIMIZATION_LEVEL = 0;
				GCC_PREPROCESSOR_DEFINITIONS = (
					"DEBUG=1",
					"$(inherited)",
				);
				GCC_WARN_64_TO_32_BIT_CONVERSION = YES;
				GCC_WARN_ABOUT_RETURN_TYPE = YES_ERROR;
				GCC_WARN_UNDECLARED_SELECTOR = YES;
				GCC_WARN_UNINITIALIZED_AUTOS = YES_AGGRESSIVE;
				GCC_WARN_UNUSED_FUNCTION = YES;
				GCC_WARN_UNUSED_VARIABLE = YES;
				IPHONEOS_DEPLOYMENT_TARGET = 13.5;
				MTL_ENABLE_DEBUG_INFO = INCLUDE_SOURCE;
				MTL_FAST_MATH = YES;
				ONLY_ACTIVE_ARCH = YES;
				SDKROOT = iphoneos;
				SWIFT_ACTIVE_COMPILATION_CONDITIONS = DEBUG;
				SWIFT_OPTIMIZATION_LEVEL = "-Onone";
			};
			name = Debug;
		};
		04DBFB6F253C4067000D8DA0 /* Release */ = {
			isa = XCBuildConfiguration;
			buildSettings = {
				ALWAYS_SEARCH_USER_PATHS = NO;
				CLANG_ANALYZER_NONNULL = YES;
				CLANG_ANALYZER_NUMBER_OBJECT_CONVERSION = YES_AGGRESSIVE;
				CLANG_CXX_LANGUAGE_STANDARD = "gnu++14";
				CLANG_CXX_LIBRARY = "libc++";
				CLANG_ENABLE_MODULES = YES;
				CLANG_ENABLE_OBJC_ARC = YES;
				CLANG_ENABLE_OBJC_WEAK = YES;
				CLANG_WARN_BLOCK_CAPTURE_AUTORELEASING = YES;
				CLANG_WARN_BOOL_CONVERSION = YES;
				CLANG_WARN_COMMA = YES;
				CLANG_WARN_CONSTANT_CONVERSION = YES;
				CLANG_WARN_DEPRECATED_OBJC_IMPLEMENTATIONS = YES;
				CLANG_WARN_DIRECT_OBJC_ISA_USAGE = YES_ERROR;
				CLANG_WARN_DOCUMENTATION_COMMENTS = YES;
				CLANG_WARN_EMPTY_BODY = YES;
				CLANG_WARN_ENUM_CONVERSION = YES;
				CLANG_WARN_INFINITE_RECURSION = YES;
				CLANG_WARN_INT_CONVERSION = YES;
				CLANG_WARN_NON_LITERAL_NULL_CONVERSION = YES;
				CLANG_WARN_OBJC_IMPLICIT_RETAIN_SELF = YES;
				CLANG_WARN_OBJC_LITERAL_CONVERSION = YES;
				CLANG_WARN_OBJC_ROOT_CLASS = YES_ERROR;
				CLANG_WARN_RANGE_LOOP_ANALYSIS = YES;
				CLANG_WARN_STRICT_PROTOTYPES = YES;
				CLANG_WARN_SUSPICIOUS_MOVE = YES;
				CLANG_WARN_UNGUARDED_AVAILABILITY = YES_AGGRESSIVE;
				CLANG_WARN_UNREACHABLE_CODE = YES;
				CLANG_WARN__DUPLICATE_METHOD_MATCH = YES;
				COPY_PHASE_STRIP = NO;
				DEBUG_INFORMATION_FORMAT = "dwarf-with-dsym";
				ENABLE_NS_ASSERTIONS = NO;
				ENABLE_STRICT_OBJC_MSGSEND = YES;
				GCC_C_LANGUAGE_STANDARD = gnu11;
				GCC_NO_COMMON_BLOCKS = YES;
				GCC_WARN_64_TO_32_BIT_CONVERSION = YES;
				GCC_WARN_ABOUT_RETURN_TYPE = YES_ERROR;
				GCC_WARN_UNDECLARED_SELECTOR = YES;
				GCC_WARN_UNINITIALIZED_AUTOS = YES_AGGRESSIVE;
				GCC_WARN_UNUSED_FUNCTION = YES;
				GCC_WARN_UNUSED_VARIABLE = YES;
				IPHONEOS_DEPLOYMENT_TARGET = 13.5;
				MTL_ENABLE_DEBUG_INFO = NO;
				MTL_FAST_MATH = YES;
				SDKROOT = iphoneos;
				SWIFT_COMPILATION_MODE = wholemodule;
				SWIFT_OPTIMIZATION_LEVEL = "-O";
				VALIDATE_PRODUCT = YES;
			};
			name = Release;
		};
		04DBFB71253C4067000D8DA0 /* Debug */ = {
			isa = XCBuildConfiguration;
			buildSettings = {
				ASSETCATALOG_COMPILER_APPICON_NAME = AppIcon;
				CODE_SIGN_STYLE = Automatic;
				DEVELOPMENT_TEAM = T5GA7DTMUP;
				INFOPLIST_FILE = "Movie Finder/Info.plist";
				LD_RUNPATH_SEARCH_PATHS = (
					"$(inherited)",
					"@executable_path/Frameworks",
				);
				PRODUCT_BUNDLE_IDENTIFIER = "com.esraa.Movie-Finder";
				PRODUCT_NAME = "$(TARGET_NAME)";
				SWIFT_VERSION = 5.0;
				TARGETED_DEVICE_FAMILY = "1,2";
			};
			name = Debug;
		};
		04DBFB72253C4067000D8DA0 /* Release */ = {
			isa = XCBuildConfiguration;
			buildSettings = {
				ASSETCATALOG_COMPILER_APPICON_NAME = AppIcon;
				CODE_SIGN_STYLE = Automatic;
				DEVELOPMENT_TEAM = T5GA7DTMUP;
				INFOPLIST_FILE = "Movie Finder/Info.plist";
				LD_RUNPATH_SEARCH_PATHS = (
					"$(inherited)",
					"@executable_path/Frameworks",
				);
				PRODUCT_BUNDLE_IDENTIFIER = "com.esraa.Movie-Finder";
				PRODUCT_NAME = "$(TARGET_NAME)";
				SWIFT_VERSION = 5.0;
				TARGETED_DEVICE_FAMILY = "1,2";
			};
			name = Release;
		};
/* End XCBuildConfiguration section */

/* Begin XCConfigurationList section */
		04DBFB57253C405E000D8DA0 /* Build configuration list for PBXProject "Movie Finder" */ = {
			isa = XCConfigurationList;
			buildConfigurations = (
				04DBFB6E253C4067000D8DA0 /* Debug */,
				04DBFB6F253C4067000D8DA0 /* Release */,
			);
			defaultConfigurationIsVisible = 0;
			defaultConfigurationName = Release;
		};
		04DBFB70253C4067000D8DA0 /* Build configuration list for PBXNativeTarget "Movie Finder" */ = {
			isa = XCConfigurationList;
			buildConfigurations = (
				04DBFB71253C4067000D8DA0 /* Debug */,
				04DBFB72253C4067000D8DA0 /* Release */,
			);
			defaultConfigurationIsVisible = 0;
			defaultConfigurationName = Release;
		};
/* End XCConfigurationList section */
	};
	rootObject = 04DBFB54253C405E000D8DA0 /* Project object */;
}
